
Microsoft Visual Studio Solution File, Format Version 12.00
# Visual Studio Version 17
VisualStudioVersion = 17.3.32929.385
MinimumVisualStudioVersion = 10.0.40219.1
Project("{FAE04EC0-301F-11D3-BF4B-00C04F79EFBC}") = "magic__square", "magic__square\magic__square.csproj", "{C67619CA-BA98-47B0-A514-5AC56EBCA8B1}"
EndProject
Global
	GlobalSection(SolutionConfigurationPlatforms) = preSolution
		Debug|Any CPU = Debug|Any CPU
		Release|Any CPU = Release|Any CPU
	EndGlobalSection
	GlobalSection(ProjectConfigurationPlatforms) = postSolution
		{C67619CA-BA98-47B0-A514-5AC56EBCA8B1}.Debug|Any CPU.ActiveCfg = Debug|Any CPU
		{C67619CA-BA98-47B0-A514-5AC56EBCA8B1}.Debug|Any CPU.Build.0 = Debug|Any CPU
		{C67619CA-BA98-47B0-A514-5AC56EBCA8B1}.Release|Any CPU.ActiveCfg = Release|Any CPU
		{C67619CA-BA98-47B0-A514-5AC56EBCA8B1}.Release|Any CPU.Build.0 = Release|Any CPU
	EndGlobalSection
	GlobalSection(SolutionProperties) = preSolution
		HideSolutionNode = FALSE
	EndGlobalSection
	GlobalSection(ExtensibilityGlobals) = postSolution
		SolutionGuid = {0D1A2D76-B488-4695-BA86-750809DB2CB3}
	EndGlobalSection
EndGlobal
